# THIS IS AN AUTOGENERATED FILE. DO NOT EDIT THIS FILE DIRECTLY.
# yarn lockfile v1


apollo-datasource-rest@^3.0.2:
  version "3.0.2"
  resolved "https://registry.yarnpkg.com/apollo-datasource-rest/-/apollo-datasource-rest-3.0.2.tgz#12b36972338a11d223ababbd4c68b9da4ee66d05"
  integrity sha512-U5jz3AryMPfOO4Rq4YjDe/WI2xcw8YHzkc8rmHewrfIqzPLXJo+RPT7bARZfN/Y1yBbodlbWixEi5NJoQtGqGw==
  dependencies:
    apollo-datasource "^3.0.2"
    apollo-server-caching "^3.0.1"
    apollo-server-env "^4.0.2"
    apollo-server-errors "^3.0.1"
    http-cache-semantics "^4.1.0"

apollo-datasource@^3.0.2:
  version "3.0.2"
  resolved "https://registry.yarnpkg.com/apollo-datasource/-/apollo-datasource-3.0.2.tgz#5602ded79657d9ffd0e150c4f9ca472753830200"
  integrity sha512-pZ7RDW2UVxxgSovshM27OHQ+rPlDjvGWdAQux6WswJrYEDx8sbJOr39GuyUBVL6yvNuIloOY6rsoG0NRqZ5mbQ==
  dependencies:
    apollo-server-caching "^3.0.1"
    apollo-server-env "^4.0.2"

apollo-server-caching@^3.0.1:
  version "3.0.1"
  resolved "https://registry.yarnpkg.com/apollo-server-caching/-/apollo-server-caching-3.0.1.tgz#bb6e51442266cb3ff05611c24c4e2f2fe8d6949e"
  integrity sha512-Cd0imFQlU6IKrkm+RNY0MQvKTMBTME+518EuwCaw3TKNUYDpir1vOuIdc4bALXDANilOR73k/UQs/oPxayXfrg==
  dependencies:
    lru-cache "^6.0.0"

apollo-server-env@^4.0.2:
  version "4.0.2"
  resolved "https://registry.yarnpkg.com/apollo-server-env/-/apollo-server-env-4.0.2.tgz#e21c283b0506584c96286cf1e59bb2952b4653d9"
  integrity sha512-4SVYcW30o+/99M02yQl4zHiFWB11UE/We0lwgw/ylNvf7hsc7j6J0lQKITMqlt3ElFpIqPriEWqy4W5GmG9H2A==
  dependencies:
    node-fetch "^2.6.1"

apollo-server-errors@^3.0.1:
  version "3.0.1"
  resolved "https://registry.yarnpkg.com/apollo-server-errors/-/apollo-server-errors-3.0.1.tgz#0dfcc1fe8b10eab311fc7e4f6da93189ea6bcdae"
  integrity sha512-PSp64IFeN1YK5EYZ3V/8iDRESMMyE00h1vE5aCr83wHL3T0mN7VRiMKoOIZ+2rUtnn7CpK73o6QLmouhxPtXsQ==

http-cache-semantics@^4.1.0:
  version "4.1.0"
  resolved "https://registry.yarnpkg.com/http-cache-semantics/-/http-cache-semantics-4.1.0.tgz#49e91c5cbf36c9b94bcfcd71c23d5249ec74e390"
  integrity sha512-carPklcUh7ROWRK7Cv27RPtdhYhUsela/ue5/jKzjegVvXDqM2ILE9Q2BGn9JZJh1g87cp56su/FgQSzcWS8cQ==

lru-cache@^6.0.0:
  version "6.0.0"
  resolved "https://registry.yarnpkg.com/lru-cache/-/lru-cache-6.0.0.tgz#6d6fe6570ebd96aaf90fcad1dafa3b2566db3a94"
  integrity sha512-Jo6dJ04CmSjuznwJSS3pUeWmd/H0ffTlkXXgwZi+eq1UCmqQwCh+eLsYOYCwY991i2Fah4h1BEMCx4qThGbsiA==
  dependencies:
    yallist "^4.0.0"

node-fetch@^2.6.1:
  version "2.6.1"
  resolved "https://registry.yarnpkg.com/node-fetch/-/node-fetch-2.6.1.tgz#045bd323631f76ed2e2b55573394416b639a0052"
  integrity sha512-V4aYg89jEoVRxRb2fJdAg8FHvI7cEyYdVAh94HH0UIK8oJxUfkjlDQN9RbMx+bEjP7+ggMiFRprSti032Oipxw==

yallist@^4.0.0:
  version "4.0.0"
  resolved "https://registry.yarnpkg.com/yallist/-/yallist-4.0.0.tgz#9bb92790d9c0effec63be73519e11a35019a3a72"
  integrity sha512-3wdGidZyq5PB084XLES5TpOSRA3wjXAlIWMhum2kRcv/41Sn2emQ0dycQW4uZXLejwKvg6EsvbdlVL+FYEct7A==
